PODS:
  - iOSLogger (0.1.7):
    - Zip (~> 1.1)
  - Zip (1.1.0)

DEPENDENCIES:
  - iOSLogger

SPEC REPOS:
  https://github.com/cocoapods/specs.git:
    - iOSLogger
    - Zip

SPEC CHECKSUMS:
  iOSLogger: 48e36e5ec3cecc56c772d33c8266c20ab8698486
  Zip: 8877eede3dda76bcac281225c20e71c25270774c

PODFILE CHECKSUM: a4f653d65b3487ce8fa4666813f507080bb17a2f

COCOAPODS: 1.5.3
