PODS:
  - iOSLogger (0.1.7):
    - Zip (~> 1.1)
  - Zip (1.1.0)

DEPENDENCIES:
  - iOSLogger (from `/Users/kreatimont/git/iOSLogger/`)

SPEC REPOS:
  https://github.com/cocoapods/specs.git:
    - Zip

EXTERNAL SOURCES:
  iOSLogger:
    :path: "/Users/kreatimont/git/iOSLogger/"

SPEC CHECKSUMS:
  iOSLogger: 552d290441fe5b5238c32764152c95c182c6c58d
  Zip: 8877eede3dda76bcac281225c20e71c25270774c

PODFILE CHECKSUM: 3c64964530137042259fc7d96c8a6e90644006f0

COCOAPODS: 1.5.3
